
Microsoft Visual Studio Solution File, Format Version 12.00
# Visual Studio 15
VisualStudioVersion = 15.0.28307.1000
MinimumVisualStudioVersion = 10.0.40219.1
Project("{FAE04EC0-301F-11D3-BF4B-00C04F79EFBC}") = "APIOwin", "APIOwin\APIOwin.csproj", "{8685743A-58F3-4E7E-9164-6B54449E76D0}"
EndProject
Global
	GlobalSection(SolutionConfigurationPlatforms) = preSolution
		Debug|Any CPU = Debug|Any CPU
		Release|Any CPU = Release|Any CPU
	EndGlobalSection
	GlobalSection(ProjectConfigurationPlatforms) = postSolution
		{8685743A-58F3-4E7E-9164-6B54449E76D0}.Debug|Any CPU.ActiveCfg = Debug|Any CPU
		{8685743A-58F3-4E7E-9164-6B54449E76D0}.Debug|Any CPU.Build.0 = Debug|Any CPU
		{8685743A-58F3-4E7E-9164-6B54449E76D0}.Release|Any CPU.ActiveCfg = Release|Any CPU
		{8685743A-58F3-4E7E-9164-6B54449E76D0}.Release|Any CPU.Build.0 = Release|Any CPU
	EndGlobalSection
	GlobalSection(SolutionProperties) = preSolution
		HideSolutionNode = FALSE
	EndGlobalSection
	GlobalSection(ExtensibilityGlobals) = postSolution
		SolutionGuid = {DA378422-66D4-4872-B84D-21BA48ED7CFD}
	EndGlobalSection
EndGlobal
